
Microsoft Visual Studio Solution File, Format Version 12.00
# Visual Studio Version 17
VisualStudioVersion = 17.3.32819.101
MinimumVisualStudioVersion = 10.0.40219.1
Project("{9A19103F-16F7-4668-BE54-9A1E7A4F7556}") = "Sefkat.UI", "Sefkat.UI\Sefkat.UI.csproj", "{55165C13-13D6-4651-A254-E8FADAAEFB63}"
EndProject
Project("{FAE04EC0-301F-11D3-BF4B-00C04F79EFBC}") = "Sefkat.API", "Sefkat.API\Sefkat.API.csproj", "{77473DCF-CECD-4A86-A5DA-262D73B267B7}"
EndProject
Project("{FAE04EC0-301F-11D3-BF4B-00C04F79EFBC}") = "Sefkat.Business", "Sefkat.Business\Sefkat.Business.csproj", "{9C4713F9-9978-4B15-98FB-CDD9B358A0A0}"
EndProject
Project("{FAE04EC0-301F-11D3-BF4B-00C04F79EFBC}") = "Sefkat.DataAccess", "Sefkat.DataAccess\Sefkat.DataAccess.csproj", "{4094995C-ED36-42E8-9FB3-52BC9A26F9AA}"
EndProject
Project("{FAE04EC0-301F-11D3-BF4B-00C04F79EFBC}") = "Sefkat.Entity", "Sefkat.Entity\Sefkat.Entity.csproj", "{1F88170B-DC33-45ED-B79E-61F0358165FF}"
EndProject
Global
	GlobalSection(SolutionConfigurationPlatforms) = preSolution
		Debug|Any CPU = Debug|Any CPU
		Release|Any CPU = Release|Any CPU
	EndGlobalSection
	GlobalSection(ProjectConfigurationPlatforms) = postSolution
		{55165C13-13D6-4651-A254-E8FADAAEFB63}.Debug|Any CPU.ActiveCfg = Debug|Any CPU
		{55165C13-13D6-4651-A254-E8FADAAEFB63}.Debug|Any CPU.Build.0 = Debug|Any CPU
		{55165C13-13D6-4651-A254-E8FADAAEFB63}.Release|Any CPU.ActiveCfg = Release|Any CPU
		{55165C13-13D6-4651-A254-E8FADAAEFB63}.Release|Any CPU.Build.0 = Release|Any CPU
		{77473DCF-CECD-4A86-A5DA-262D73B267B7}.Debug|Any CPU.ActiveCfg = Debug|Any CPU
		{77473DCF-CECD-4A86-A5DA-262D73B267B7}.Debug|Any CPU.Build.0 = Debug|Any CPU
		{77473DCF-CECD-4A86-A5DA-262D73B267B7}.Release|Any CPU.ActiveCfg = Release|Any CPU
		{77473DCF-CECD-4A86-A5DA-262D73B267B7}.Release|Any CPU.Build.0 = Release|Any CPU
		{9C4713F9-9978-4B15-98FB-CDD9B358A0A0}.Debug|Any CPU.ActiveCfg = Debug|Any CPU
		{9C4713F9-9978-4B15-98FB-CDD9B358A0A0}.Debug|Any CPU.Build.0 = Debug|Any CPU
		{9C4713F9-9978-4B15-98FB-CDD9B358A0A0}.Release|Any CPU.ActiveCfg = Release|Any CPU
		{9C4713F9-9978-4B15-98FB-CDD9B358A0A0}.Release|Any CPU.Build.0 = Release|Any CPU
		{4094995C-ED36-42E8-9FB3-52BC9A26F9AA}.Debug|Any CPU.ActiveCfg = Debug|Any CPU
		{4094995C-ED36-42E8-9FB3-52BC9A26F9AA}.Debug|Any CPU.Build.0 = Debug|Any CPU
		{4094995C-ED36-42E8-9FB3-52BC9A26F9AA}.Release|Any CPU.ActiveCfg = Release|Any CPU
		{4094995C-ED36-42E8-9FB3-52BC9A26F9AA}.Release|Any CPU.Build.0 = Release|Any CPU
		{1F88170B-DC33-45ED-B79E-61F0358165FF}.Debug|Any CPU.ActiveCfg = Debug|Any CPU
		{1F88170B-DC33-45ED-B79E-61F0358165FF}.Debug|Any CPU.Build.0 = Debug|Any CPU
		{1F88170B-DC33-45ED-B79E-61F0358165FF}.Release|Any CPU.ActiveCfg = Release|Any CPU
		{1F88170B-DC33-45ED-B79E-61F0358165FF}.Release|Any CPU.Build.0 = Release|Any CPU
	EndGlobalSection
	GlobalSection(SolutionProperties) = preSolution
		HideSolutionNode = FALSE
	EndGlobalSection
	GlobalSection(ExtensibilityGlobals) = postSolution
		SolutionGuid = {896ACED9-DA45-4A1D-BEF2-16CB3B6C24DF}
	EndGlobalSection
EndGlobal
